// !$*UTF8*$!
{
	archiveVersion = 1;
	classes = {
	};
	objectVersion = 50;
	objects = {

/* Begin PBXBuildFile section */
		E208FEF02424C89500829E39 /* AppDelegate.swift in Sources */ = {isa = PBXBuildFile; fileRef = E208FEEF2424C89500829E39 /* AppDelegate.swift */; };
		E208FEF22424C89500829E39 /* SceneDelegate.swift in Sources */ = {isa = PBXBuildFile; fileRef = E208FEF12424C89500829E39 /* SceneDelegate.swift */; };
		E208FEF52424C89500829E39 /* MyReminders.xcdatamodeld in Sources */ = {isa = PBXBuildFile; fileRef = E208FEF32424C89500829E39 /* MyReminders.xcdatamodeld */; };
		E208FEF72424C89500829E39 /* ContentView.swift in Sources */ = {isa = PBXBuildFile; fileRef = E208FEF62424C89500829E39 /* ContentView.swift */; };
		E208FEF92424C89600829E39 /* Assets.xcassets in Resources */ = {isa = PBXBuildFile; fileRef = E208FEF82424C89600829E39 /* Assets.xcassets */; };
		E208FEFC2424C89600829E39 /* Preview Assets.xcassets in Resources */ = {isa = PBXBuildFile; fileRef = E208FEFB2424C89600829E39 /* Preview Assets.xcassets */; };
		E208FEFF2424C89600829E39 /* LaunchScreen.storyboard in Resources */ = {isa = PBXBuildFile; fileRef = E208FEFD2424C89600829E39 /* LaunchScreen.storyboard */; };
		E296675F2426586800BF4C7B /* SetNotification.swift in Sources */ = {isa = PBXBuildFile; fileRef = E296675E2426586800BF4C7B /* SetNotification.swift */; };
/* End PBXBuildFile section */

/* Begin PBXFileReference section */
		E208FEEC2424C89500829E39 /* Quant - Reminder.app */ = {isa = PBXFileReference; explicitFileType = wrapper.application; includeInIndex = 0; path = "Quant - Reminder.app"; sourceTree = BUILT_PRODUCTS_DIR; };
		E208FEEF2424C89500829E39 /* AppDelegate.swift */ = {isa = PBXFileReference; lastKnownFileType = sourcecode.swift; path = AppDelegate.swift; sourceTree = "<group>"; };
		E208FEF12424C89500829E39 /* SceneDelegate.swift */ = {isa = PBXFileReference; lastKnownFileType = sourcecode.swift; path = SceneDelegate.swift; sourceTree = "<group>"; };
		E208FEF42424C89500829E39 /* MyReminders.xcdatamodel */ = {isa = PBXFileReference; lastKnownFileType = wrapper.xcdatamodel; path = MyReminders.xcdatamodel; sourceTree = "<group>"; };
		E208FEF62424C89500829E39 /* ContentView.swift */ = {isa = PBXFileReference; lastKnownFileType = sourcecode.swift; path = ContentView.swift; sourceTree = "<group>"; };
		E208FEF82424C89600829E39 /* Assets.xcassets */ = {isa = PBXFileReference; lastKnownFileType = folder.assetcatalog; path = Assets.xcassets; sourceTree = "<group>"; };
		E208FEFB2424C89600829E39 /* Preview Assets.xcassets */ = {isa = PBXFileReference; lastKnownFileType = folder.assetcatalog; path = "Preview Assets.xcassets"; sourceTree = "<group>"; };
		E208FEFE2424C89600829E39 /* Base */ = {isa = PBXFileReference; lastKnownFileType = file.storyboard; name = Base; path = Base.lproj/LaunchScreen.storyboard; sourceTree = "<group>"; };
		E208FF002424C89600829E39 /* Info.plist */ = {isa = PBXFileReference; lastKnownFileType = text.plist.xml; path = Info.plist; sourceTree = "<group>"; };
		E296675E2426586800BF4C7B /* SetNotification.swift */ = {isa = PBXFileReference; lastKnownFileType = sourcecode.swift; path = SetNotification.swift; sourceTree = "<group>"; };
/* End PBXFileReference section */

/* Begin PBXFrameworksBuildPhase section */
		E208FEE92424C89500829E39 /* Frameworks */ = {
			isa = PBXFrameworksBuildPhase;
			buildActionMask = 2147483647;
			files = (
			);
			runOnlyForDeploymentPostprocessing = 0;
		};
/* End PBXFrameworksBuildPhase section */

/* Begin PBXGroup section */
		E208FEE32424C89500829E39 = {
			isa = PBXGroup;
			children = (
				E208FEEE2424C89500829E39 /* MyReminders */,
				E208FEED2424C89500829E39 /* Products */,
			);
			sourceTree = "<group>";
		};
		E208FEED2424C89500829E39 /* Products */ = {
			isa = PBXGroup;
			children = (
				E208FEEC2424C89500829E39 /* Quant - Reminder.app */,
			);
			name = Products;
			sourceTree = "<group>";
		};
		E208FEEE2424C89500829E39 /* MyReminders */ = {
			isa = PBXGroup;
			children = (
				E208FEEF2424C89500829E39 /* AppDelegate.swift */,
				E208FEF12424C89500829E39 /* SceneDelegate.swift */,
				E208FEF62424C89500829E39 /* ContentView.swift */,
				E296675E2426586800BF4C7B /* SetNotification.swift */,
				E208FEF82424C89600829E39 /* Assets.xcassets */,
				E208FEFD2424C89600829E39 /* LaunchScreen.storyboard */,
				E208FF002424C89600829E39 /* Info.plist */,
				E208FEF32424C89500829E39 /* MyReminders.xcdatamodeld */,
				E208FEFA2424C89600829E39 /* Preview Content */,
			);
			path = MyReminders;
			sourceTree = "<group>";
		};
		E208FEFA2424C89600829E39 /* Preview Content */ = {
			isa = PBXGroup;
			children = (
				E208FEFB2424C89600829E39 /* Preview Assets.xcassets */,
			);
			path = "Preview Content";
			sourceTree = "<group>";
		};
/* End PBXGroup section */

/* Begin PBXNativeTarget section */
		E208FEEB2424C89500829E39 /* MyReminders */ = {
			isa = PBXNativeTarget;
			buildConfigurationList = E208FF032424C89600829E39 /* Build configuration list for PBXNativeTarget "MyReminders" */;
			buildPhases = (
				E208FEE82424C89500829E39 /* Sources */,
				E208FEE92424C89500829E39 /* Frameworks */,
				E208FEEA2424C89500829E39 /* Resources */,
			);
			buildRules = (
			);
			dependencies = (
			);
			name = MyReminders;
			productName = MyReminders;
			productReference = E208FEEC2424C89500829E39 /* Quant - Reminder.app */;
			productType = "com.apple.product-type.application";
		};
/* End PBXNativeTarget section */

/* Begin PBXProject section */
		E208FEE42424C89500829E39 /* Project object */ = {
			isa = PBXProject;
			attributes = {
				LastSwiftUpdateCheck = 1130;
				LastUpgradeCheck = 1130;
				ORGANIZATIONNAME = "Gurjit Singh";
				TargetAttributes = {
					E208FEEB2424C89500829E39 = {
						CreatedOnToolsVersion = 11.3.1;
					};
				};
			};
			buildConfigurationList = E208FEE72424C89500829E39 /* Build configuration list for PBXProject "MyReminders" */;
			compatibilityVersion = "Xcode 9.3";
			developmentRegion = en;
			hasScannedForEncodings = 0;
			knownRegions = (
				en,
				Base,
			);
			mainGroup = E208FEE32424C89500829E39;
			productRefGroup = E208FEED2424C89500829E39 /* Products */;
			projectDirPath = "";
			projectRoot = "";
			targets = (
				E208FEEB2424C89500829E39 /* MyReminders */,
			);
		};
/* End PBXProject section */

/* Begin PBXResourcesBuildPhase section */
		E208FEEA2424C89500829E39 /* Resources */ = {
			isa = PBXResourcesBuildPhase;
			buildActionMask = 2147483647;
			files = (
				E208FEFF2424C89600829E39 /* LaunchScreen.storyboard in Resources */,
				E208FEFC2424C89600829E39 /* Preview Assets.xcassets in Resources */,
				E208FEF92424C89600829E39 /* Assets.xcassets in Resources */,
			);
			runOnlyForDeploymentPostprocessing = 0;
		};
/* End PBXResourcesBuildPhase section */

/* Begin PBXSourcesBuildPhase section */
		E208FEE82424C89500829E39 /* Sources */ = {
			isa = PBXSourcesBuildPhase;
			buildActionMask = 2147483647;
			files = (
				E208FEF02424C89500829E39 /* AppDelegate.swift in Sources */,
				E208FEF22424C89500829E39 /* SceneDelegate.swift in Sources */,
				E208FEF72424C89500829E39 /* ContentView.swift in Sources */,
				E208FEF52424C89500829E39 /* MyReminders.xcdatamodeld in Sources */,
				E296675F2426586800BF4C7B /* SetNotification.swift in Sources */,
			);
			runOnlyForDeploymentPostprocessing = 0;
		};
/* End PBXSourcesBuildPhase section */

/* Begin PBXVariantGroup section */
		E208FEFD2424C89600829E39 /* LaunchScreen.storyboard */ = {
			isa = PBXVariantGroup;
			children = (
				E208FEFE2424C89600829E39 /* Base */,
			);
			name = LaunchScreen.storyboard;
			sourceTree = "<group>";
		};
/* End PBXVariantGroup section */

/* Begin XCBuildConfiguration section */
		E208FF012424C89600829E39 /* Debug */ = {
			isa = XCBuildConfiguration;
			buildSettings = {
				ALWAYS_SEARCH_USER_PATHS = NO;
				CLANG_ANALYZER_NONNULL = YES;
				CLANG_ANALYZER_NUMBER_OBJECT_CONVERSION = YES_AGGRESSIVE;
				CLANG_CXX_LANGUAGE_STANDARD = "gnu++14";
				CLANG_CXX_LIBRARY = "libc++";
				CLANG_ENABLE_MODULES = YES;
				CLANG_ENABLE_OBJC_ARC = YES;
				CLANG_ENABLE_OBJC_WEAK = YES;
				CLANG_WARN_BLOCK_CAPTURE_AUTORELEASING = YES;
				CLANG_WARN_BOOL_CONVERSION = YES;
				CLANG_WARN_COMMA = YES;
				CLANG_WARN_CONSTANT_CONVERSION = YES;
				CLANG_WARN_DEPRECATED_OBJC_IMPLEMENTATIONS = YES;
				CLANG_WARN_DIRECT_OBJC_ISA_USAGE = YES_ERROR;
				CLANG_WARN_DOCUMENTATION_COMMENTS = YES;
				CLANG_WARN_EMPTY_BODY = YES;
				CLANG_WARN_ENUM_CONVERSION = YES;
				CLANG_WARN_INFINITE_RECURSION = YES;
				CLANG_WARN_INT_CONVERSION = YES;
				CLANG_WARN_NON_LITERAL_NULL_CONVERSION = YES;
				CLANG_WARN_OBJC_IMPLICIT_RETAIN_SELF = YES;
				CLANG_WARN_OBJC_LITERAL_CONVERSION = YES;
				CLANG_WARN_OBJC_ROOT_CLASS = YES_ERROR;
				CLANG_WARN_RANGE_LOOP_ANALYSIS = YES;
				CLANG_WARN_STRICT_PROTOTYPES = YES;
				CLANG_WARN_SUSPICIOUS_MOVE = YES;
				CLANG_WARN_UNGUARDED_AVAILABILITY = YES_AGGRESSIVE;
				CLANG_WARN_UNREACHABLE_CODE = YES;
				CLANG_WARN__DUPLICATE_METHOD_MATCH = YES;
				COPY_PHASE_STRIP = NO;
				DEBUG_INFORMATION_FORMAT = dwarf;
				ENABLE_STRICT_OBJC_MSGSEND = YES;
				ENABLE_TESTABILITY = YES;
				GCC_C_LANGUAGE_STANDARD = gnu11;
				GCC_DYNAMIC_NO_PIC = NO;
				GCC_NO_COMMON_BLOCKS = YES;
				GCC_OPTIMIZATION_LEVEL = 0;
				GCC_PREPROCESSOR_DEFINITIONS = (
					"DEBUG=1",
					"$(inherited)",
				);
				GCC_WARN_64_TO_32_BIT_CONVERSION = YES;
				GCC_WARN_ABOUT_RETURN_TYPE = YES_ERROR;
				GCC_WARN_UNDECLARED_SELECTOR = YES;
				GCC_WARN_UNINITIALIZED_AUTOS = YES_AGGRESSIVE;
				GCC_WARN_UNUSED_FUNCTION = YES;
				GCC_WARN_UNUSED_VARIABLE = YES;
				IPHONEOS_DEPLOYMENT_TARGET = 13.2;
				MTL_ENABLE_DEBUG_INFO = INCLUDE_SOURCE;
				MTL_FAST_MATH = YES;
				ONLY_ACTIVE_ARCH = YES;
				SDKROOT = iphoneos;
				SWIFT_ACTIVE_COMPILATION_CONDITIONS = DEBUG;
				SWIFT_OPTIMIZATION_LEVEL = "-Onone";
			};
			name = Debug;
		};
		E208FF022424C89600829E39 /* Release */ = {
			isa = XCBuildConfiguration;
			buildSettings = {
				ALWAYS_SEARCH_USER_PATHS = NO;
				CLANG_ANALYZER_NONNULL = YES;
				CLANG_ANALYZER_NUMBER_OBJECT_CONVERSION = YES_AGGRESSIVE;
				CLANG_CXX_LANGUAGE_STANDARD = "gnu++14";
				CLANG_CXX_LIBRARY = "libc++";
				CLANG_ENABLE_MODULES = YES;
				CLANG_ENABLE_OBJC_ARC = YES;
				CLANG_ENABLE_OBJC_WEAK = YES;
				CLANG_WARN_BLOCK_CAPTURE_AUTORELEASING = YES;
				CLANG_WARN_BOOL_CONVERSION = YES;
				CLANG_WARN_COMMA = YES;
				CLANG_WARN_CONSTANT_CONVERSION = YES;
				CLANG_WARN_DEPRECATED_OBJC_IMPLEMENTATIONS = YES;
				CLANG_WARN_DIRECT_OBJC_ISA_USAGE = YES_ERROR;
				CLANG_WARN_DOCUMENTATION_COMMENTS = YES;
				CLANG_WARN_EMPTY_BODY = YES;
				CLANG_WARN_ENUM_CONVERSION = YES;
				CLANG_WARN_INFINITE_RECURSION = YES;
				CLANG_WARN_INT_CONVERSION = YES;
				CLANG_WARN_NON_LITERAL_NULL_CONVERSION = YES;
				CLANG_WARN_OBJC_IMPLICIT_RETAIN_SELF = YES;
				CLANG_WARN_OBJC_LITERAL_CONVERSION = YES;
				CLANG_WARN_OBJC_ROOT_CLASS = YES_ERROR;
				CLANG_WARN_RANGE_LOOP_ANALYSIS = YES;
				CLANG_WARN_STRICT_PROTOTYPES = YES;
				CLANG_WARN_SUSPICIOUS_MOVE = YES;
				CLANG_WARN_UNGUARDED_AVAILABILITY = YES_AGGRESSIVE;
				CLANG_WARN_UNREACHABLE_CODE = YES;
				CLANG_WARN__DUPLICATE_METHOD_MATCH = YES;
				COPY_PHASE_STRIP = NO;
				DEBUG_INFORMATION_FORMAT = "dwarf-with-dsym";
				ENABLE_NS_ASSERTIONS = NO;
				ENABLE_STRICT_OBJC_MSGSEND = YES;
				GCC_C_LANGUAGE_STANDARD = gnu11;
				GCC_NO_COMMON_BLOCKS = YES;
				GCC_WARN_64_TO_32_BIT_CONVERSION = YES;
				GCC_WARN_ABOUT_RETURN_TYPE = YES_ERROR;
				GCC_WARN_UNDECLARED_SELECTOR = YES;
				GCC_WARN_UNINITIALIZED_AUTOS = YES_AGGRESSIVE;
				GCC_WARN_UNUSED_FUNCTION = YES;
				GCC_WARN_UNUSED_VARIABLE = YES;
				IPHONEOS_DEPLOYMENT_TARGET = 13.2;
				MTL_ENABLE_DEBUG_INFO = NO;
				MTL_FAST_MATH = YES;
				SDKROOT = iphoneos;
				SWIFT_COMPILATION_MODE = wholemodule;
				SWIFT_OPTIMIZATION_LEVEL = "-O";
				VALIDATE_PRODUCT = YES;
			};
			name = Release;
		};
		E208FF042424C89600829E39 /* Debug */ = {
			isa = XCBuildConfiguration;
			buildSettings = {
				ASSETCATALOG_COMPILER_APPICON_NAME = AppIcon;
				CODE_SIGN_STYLE = Automatic;
				DEVELOPMENT_ASSET_PATHS = "\"MyReminders/Preview Content\"";
				DEVELOPMENT_TEAM = 2BCJYYM5MG;
				ENABLE_PREVIEWS = YES;
				INFOPLIST_FILE = MyReminders/Info.plist;
				LD_RUNPATH_SEARCH_PATHS = (
					"$(inherited)",
					"@executable_path/Frameworks",
				);
				PRODUCT_BUNDLE_IDENTIFIER = com.gurjits.MyReminders;
				PRODUCT_NAME = "Quant - Reminder";
				SWIFT_VERSION = 5.0;
				TARGETED_DEVICE_FAMILY = "1,2";
			};
			name = Debug;
		};
		E208FF052424C89600829E39 /* Release */ = {
			isa = XCBuildConfiguration;
			buildSettings = {
				ASSETCATALOG_COMPILER_APPICON_NAME = AppIcon;
				CODE_SIGN_STYLE = Automatic;
				DEVELOPMENT_ASSET_PATHS = "\"MyReminders/Preview Content\"";
				DEVELOPMENT_TEAM = 2BCJYYM5MG;
				ENABLE_PREVIEWS = YES;
				INFOPLIST_FILE = MyReminders/Info.plist;
				LD_RUNPATH_SEARCH_PATHS = (
					"$(inherited)",
					"@executable_path/Frameworks",
				);
				PRODUCT_BUNDLE_IDENTIFIER = com.gurjits.MyReminders;
				PRODUCT_NAME = "Quant - Reminder";
				SWIFT_VERSION = 5.0;
				TARGETED_DEVICE_FAMILY = "1,2";
			};
			name = Release;
		};
/* End XCBuildConfiguration section */

/* Begin XCConfigurationList section */
		E208FEE72424C89500829E39 /* Build configuration list for PBXProject "MyReminders" */ = {
			isa = XCConfigurationList;
			buildConfigurations = (
				E208FF012424C89600829E39 /* Debug */,
				E208FF022424C89600829E39 /* Release */,
			);
			defaultConfigurationIsVisible = 0;
			defaultConfigurationName = Release;
		};
		E208FF032424C89600829E39 /* Build configuration list for PBXNativeTarget "MyReminders" */ = {
			isa = XCConfigurationList;
			buildConfigurations = (
				E208FF042424C89600829E39 /* Debug */,
				E208FF052424C89600829E39 /* Release */,
			);
			defaultConfigurationIsVisible = 0;
			defaultConfigurationName = Release;
		};
/* End XCConfigurationList section */

/* Begin XCVersionGroup section */
		E208FEF32424C89500829E39 /* MyReminders.xcdatamodeld */ = {
			isa = XCVersionGroup;
			children = (
				E208FEF42424C89500829E39 /* MyReminders.xcdatamodel */,
			);
			currentVersion = E208FEF42424C89500829E39 /* MyReminders.xcdatamodel */;
			path = MyReminders.xcdatamodeld;
			sourceTree = "<group>";
			versionGroupType = wrapper.xcdatamodel;
		};
/* End XCVersionGroup section */
	};
	rootObject = E208FEE42424C89500829E39 /* Project object */;
}
